
Microsoft Visual Studio Solution File, Format Version 12.00
# Visual Studio 2013
VisualStudioVersion = 12.0.30723.0
MinimumVisualStudioVersion = 10.0.40219.1
Project("{FAE04EC0-301F-11D3-BF4B-00C04F79EFBC}") = "Schema.Hypermedia", "Schema.Hypermedia\Schema.Hypermedia.csproj", "{71D66DE3-F617-48AD-88BF-DD626240DAF9}"
EndProject
Project("{FAE04EC0-301F-11D3-BF4B-00C04F79EFBC}") = "Schema.Hypermedia.Test", "Schema.Hypermedia.Test\Schema.Hypermedia.Test.csproj", "{03B72138-150A-4706-9CF5-B6B49A1F3358}"
EndProject
Global
	GlobalSection(SolutionConfigurationPlatforms) = preSolution
		Debug|Any CPU = Debug|Any CPU
		Release|Any CPU = Release|Any CPU
	EndGlobalSection
	GlobalSection(ProjectConfigurationPlatforms) = postSolution
		{71D66DE3-F617-48AD-88BF-DD626240DAF9}.Debug|Any CPU.ActiveCfg = Debug|Any CPU
		{71D66DE3-F617-48AD-88BF-DD626240DAF9}.Debug|Any CPU.Build.0 = Debug|Any CPU
		{71D66DE3-F617-48AD-88BF-DD626240DAF9}.Release|Any CPU.ActiveCfg = Release|Any CPU
		{71D66DE3-F617-48AD-88BF-DD626240DAF9}.Release|Any CPU.Build.0 = Release|Any CPU
		{03B72138-150A-4706-9CF5-B6B49A1F3358}.Debug|Any CPU.ActiveCfg = Debug|Any CPU
		{03B72138-150A-4706-9CF5-B6B49A1F3358}.Debug|Any CPU.Build.0 = Debug|Any CPU
		{03B72138-150A-4706-9CF5-B6B49A1F3358}.Release|Any CPU.ActiveCfg = Release|Any CPU
		{03B72138-150A-4706-9CF5-B6B49A1F3358}.Release|Any CPU.Build.0 = Release|Any CPU
	EndGlobalSection
	GlobalSection(SolutionProperties) = preSolution
		HideSolutionNode = FALSE
	EndGlobalSection
EndGlobal
